
Microsoft Visual Studio Solution File, Format Version 12.00
# Visual Studio 15
VisualStudioVersion = 15.0.26730.16
MinimumVisualStudioVersion = 10.0.40219.1
Project("{FAE04EC0-301F-11D3-BF4B-00C04F79EFBC}") = "TrainingDataViewer", "TrainingDataViewer\TrainingDataViewer.csproj", "{C862D624-025F-4702-95B6-93DCF5E603F6}"
EndProject
Global
	GlobalSection(SolutionConfigurationPlatforms) = preSolution
		Debug|Any CPU = Debug|Any CPU
		Release|Any CPU = Release|Any CPU
	EndGlobalSection
	GlobalSection(ProjectConfigurationPlatforms) = postSolution
		{C862D624-025F-4702-95B6-93DCF5E603F6}.Debug|Any CPU.ActiveCfg = Debug|Any CPU
		{C862D624-025F-4702-95B6-93DCF5E603F6}.Debug|Any CPU.Build.0 = Debug|Any CPU
		{C862D624-025F-4702-95B6-93DCF5E603F6}.Release|Any CPU.ActiveCfg = Release|Any CPU
		{C862D624-025F-4702-95B6-93DCF5E603F6}.Release|Any CPU.Build.0 = Release|Any CPU
	EndGlobalSection
	GlobalSection(SolutionProperties) = preSolution
		HideSolutionNode = FALSE
	EndGlobalSection
	GlobalSection(ExtensibilityGlobals) = postSolution
		SolutionGuid = {20E8DFFA-49CF-4FD3-B284-587AE20B9AEF}
	EndGlobalSection
EndGlobal
